dependencies:
  espp/base_component:
    component_hash: 25c5b62f158887e1dc2aae17141d28bdae08e2f7af91bc9f6506933169095f74
    dependencies:
    - name: espp/logger
      registry_url: https://components.espressif.com
      require: private
      version: '>=1.0'
    - name: idf
      require: private
      version: '>=5.0'
    source:
      registry_url: https://components.espressif.com
      type: service
    version: 1.0.22
  espp/base_peripheral:
    component_hash: 5717519bb0d792c38ccad0d18339befc224a7365e613e9cb0a73b9ecf1257d95
    dependencies:
    - name: espp/base_component
      registry_url: https://components.espressif.com
      require: private
      version: '>=1.0'
    - name: idf
      require: private
      version: '>=5.0'
    source:
      registry_url: https://components.espressif.com
      type: service
    version: 1.0.22
  espp/format:
    component_hash: c131458fb5e0b6b1cc0d8042acaf676b57e2ac8fe232df02fee202bd43a510b7
    dependencies:
    - name: idf
      require: private
      version: '>=5.0'
    source:
      registry_url: https://components.espressif.com
      type: service
    version: 1.0.22
  espp/logger:
    component_hash: 88fc12fcab4e8335695c816e72599f15a478ecf4bcf753e7ede720857cb21be1
    dependencies:
    - name: espp/format
      registry_url: https://components.espressif.com
      require: private
      version: '>=1.0'
    - name: idf
      require: private
      version: '>=5.0'
    source:
      registry_url: https://components.espressif.com
      type: service
    version: 1.0.22
  espp/ndef:
    component_hash: b8dd4f3a5a5a264ac0fedc9dd98621e53e7d0e42a09c4ce39897912ee25102a6
    dependencies:
    - name: idf
      require: private
      version: '>=5.0'
    source:
      registry_url: https://components.espressif.com
      type: service
    version: 1.0.22
  espp/st25dv:
    component_hash: 8c79dc44be7d99c91cb8c0c1a3bce56346c56314b3e70ad7f35f868fe52d9f85
    dependencies:
    - name: espp/base_peripheral
      registry_url: https://components.espressif.com
      require: private
      version: '>=1.0'
    - name: espp/ndef
      registry_url: https://components.espressif.com
      require: private
      version: '>=1.0'
    - name: idf
      require: private
      version: '>=5.0'
    source:
      registry_url: https://components.espressif.com/
      type: service
    version: 1.0.21
  idf:
    source:
      type: idf
    version: 5.5.0
direct_dependencies:
- espp/st25dv
- idf
manifest_hash: f31c1cd8a3a0dd2a74f7c2b057af403107adf3315a77675bb993e6dcd8f97cd5
target: esp32
version: 2.0.0
